// !$*UTF8*$!
{
	archiveVersion = 1;
	classes = {
	};
	objectVersion = 46;
	objects = {

/* Begin PBXBuildFile section */
		A61D09271B9E286900F5A761 /* AppDelegate.swift in Sources */ = {isa = PBXBuildFile; fileRef = A61D09261B9E286900F5A761 /* AppDelegate.swift */; };
		A61D092B1B9E286900F5A761 /* GameScene.swift in Sources */ = {isa = PBXBuildFile; fileRef = A61D092A1B9E286900F5A761 /* GameScene.swift */; };
		A61D092D1B9E286900F5A761 /* GameViewController.swift in Sources */ = {isa = PBXBuildFile; fileRef = A61D092C1B9E286900F5A761 /* GameViewController.swift */; };
		A61D09301B9E286900F5A761 /* Main.storyboard in Resources */ = {isa = PBXBuildFile; fileRef = A61D092E1B9E286900F5A761 /* Main.storyboard */; };
		A61D09321B9E286900F5A761 /* Images.xcassets in Resources */ = {isa = PBXBuildFile; fileRef = A61D09311B9E286900F5A761 /* Images.xcassets */; };
		A61D09351B9E286900F5A761 /* LaunchScreen.xib in Resources */ = {isa = PBXBuildFile; fileRef = A61D09331B9E286900F5A761 /* LaunchScreen.xib */; };
		A61D09411B9E286900F5A761 /* Flappy_XKitTests.swift in Sources */ = {isa = PBXBuildFile; fileRef = A61D09401B9E286900F5A761 /* Flappy_XKitTests.swift */; };
		A61D09641B9E2CD200F5A761 /* backgrounds.atlas in Resources */ = {isa = PBXBuildFile; fileRef = A61D094C1B9E2CD200F5A761 /* backgrounds.atlas */; };
		A61D09651B9E2CD200F5A761 /* sprites.atlas in Resources */ = {isa = PBXBuildFile; fileRef = A61D094D1B9E2CD200F5A761 /* sprites.atlas */; };
		A61D09661B9E2CD200F5A761 /* CGFloat+Extensions.swift in Sources */ = {isa = PBXBuildFile; fileRef = A61D094F1B9E2CD200F5A761 /* CGFloat+Extensions.swift */; };
		A61D09671B9E2CD200F5A761 /* CGPoint+Extensions.swift in Sources */ = {isa = PBXBuildFile; fileRef = A61D09501B9E2CD200F5A761 /* CGPoint+Extensions.swift */; };
		A61D09681B9E2CD200F5A761 /* CGVector+Extensions.swift in Sources */ = {isa = PBXBuildFile; fileRef = A61D09511B9E2CD200F5A761 /* CGVector+Extensions.swift */; };
		A61D09691B9E2CD200F5A761 /* Int+Extensions.swift in Sources */ = {isa = PBXBuildFile; fileRef = A61D09521B9E2CD200F5A761 /* Int+Extensions.swift */; };
		A61D096A1B9E2CD200F5A761 /* SKAction+Extensions.swift in Sources */ = {isa = PBXBuildFile; fileRef = A61D09531B9E2CD200F5A761 /* SKAction+Extensions.swift */; };
		A61D096B1B9E2CD200F5A761 /* SKAction+SpecialEffects.swift in Sources */ = {isa = PBXBuildFile; fileRef = A61D09541B9E2CD200F5A761 /* SKAction+SpecialEffects.swift */; };
		A61D096C1B9E2CD200F5A761 /* SKColor+Extensions.swift in Sources */ = {isa = PBXBuildFile; fileRef = A61D09551B9E2CD200F5A761 /* SKColor+Extensions.swift */; };
		A61D096D1B9E2CD200F5A761 /* SKNode+Extensions.swift in Sources */ = {isa = PBXBuildFile; fileRef = A61D09561B9E2CD200F5A761 /* SKNode+Extensions.swift */; };
		A61D096E1B9E2CD200F5A761 /* SKTAudio.swift in Sources */ = {isa = PBXBuildFile; fileRef = A61D09571B9E2CD200F5A761 /* SKTAudio.swift */; };
		A61D096F1B9E2CD200F5A761 /* SKTEffects.swift in Sources */ = {isa = PBXBuildFile; fileRef = A61D09581B9E2CD200F5A761 /* SKTEffects.swift */; };
		A61D09701B9E2CD200F5A761 /* SKTTimingFunctions.swift in Sources */ = {isa = PBXBuildFile; fileRef = A61D09591B9E2CD200F5A761 /* SKTTimingFunctions.swift */; };
		A61D09711B9E2CD200F5A761 /* Vector3.swift in Sources */ = {isa = PBXBuildFile; fileRef = A61D095A1B9E2CD200F5A761 /* Vector3.swift */; };
		A61D09721B9E2CD200F5A761 /* coin.wav in Resources */ = {isa = PBXBuildFile; fileRef = A61D095D1B9E2CD200F5A761 /* coin.wav */; };
		A61D09731B9E2CD200F5A761 /* ding.wav in Resources */ = {isa = PBXBuildFile; fileRef = A61D095E1B9E2CD200F5A761 /* ding.wav */; };
		A61D09741B9E2CD200F5A761 /* falling.wav in Resources */ = {isa = PBXBuildFile; fileRef = A61D095F1B9E2CD200F5A761 /* falling.wav */; };
		A61D09751B9E2CD200F5A761 /* flapping.wav in Resources */ = {isa = PBXBuildFile; fileRef = A61D09601B9E2CD200F5A761 /* flapping.wav */; };
		A61D09761B9E2CD200F5A761 /* hitGround.wav in Resources */ = {isa = PBXBuildFile; fileRef = A61D09611B9E2CD200F5A761 /* hitGround.wav */; };
		A61D09771B9E2CD200F5A761 /* pop.wav in Resources */ = {isa = PBXBuildFile; fileRef = A61D09621B9E2CD200F5A761 /* pop.wav */; };
		A61D09781B9E2CD200F5A761 /* whack.wav in Resources */ = {isa = PBXBuildFile; fileRef = A61D09631B9E2CD200F5A761 /* whack.wav */; };
		A6514EFD1B9E8AA000CA05B1 /* README.md in Resources */ = {isa = PBXBuildFile; fileRef = A6514EFC1B9E8AA000CA05B1 /* README.md */; };
/* End PBXBuildFile section */

/* Begin PBXContainerItemProxy section */
		A61D093B1B9E286900F5A761 /* PBXContainerItemProxy */ = {
			isa = PBXContainerItemProxy;
			containerPortal = A61D09191B9E286900F5A761 /* Project object */;
			proxyType = 1;
			remoteGlobalIDString = A61D09201B9E286900F5A761;
			remoteInfo = "Flappy XKit";
		};
/* End PBXContainerItemProxy section */

/* Begin PBXFileReference section */
		A61D09211B9E286900F5A761 /* Flappy XKit.app */ = {isa = PBXFileReference; explicitFileType = wrapper.application; includeInIndex = 0; path = "Flappy XKit.app"; sourceTree = BUILT_PRODUCTS_DIR; };
		A61D09251B9E286900F5A761 /* Info.plist */ = {isa = PBXFileReference; lastKnownFileType = text.plist.xml; path = Info.plist; sourceTree = "<group>"; };
		A61D09261B9E286900F5A761 /* AppDelegate.swift */ = {isa = PBXFileReference; lastKnownFileType = sourcecode.swift; path = AppDelegate.swift; sourceTree = "<group>"; };
		A61D092A1B9E286900F5A761 /* GameScene.swift */ = {isa = PBXFileReference; lastKnownFileType = sourcecode.swift; path = GameScene.swift; sourceTree = "<group>"; };
		A61D092C1B9E286900F5A761 /* GameViewController.swift */ = {isa = PBXFileReference; lastKnownFileType = sourcecode.swift; path = GameViewController.swift; sourceTree = "<group>"; };
		A61D092F1B9E286900F5A761 /* Base */ = {isa = PBXFileReference; lastKnownFileType = file.storyboard; name = Base; path = Base.lproj/Main.storyboard; sourceTree = "<group>"; };
		A61D09311B9E286900F5A761 /* Images.xcassets */ = {isa = PBXFileReference; lastKnownFileType = folder.assetcatalog; path = Images.xcassets; sourceTree = "<group>"; };
		A61D09341B9E286900F5A761 /* Base */ = {isa = PBXFileReference; lastKnownFileType = file.xib; name = Base; path = Base.lproj/LaunchScreen.xib; sourceTree = "<group>"; };
		A61D093A1B9E286900F5A761 /* Flappy XKitTests.xctest */ = {isa = PBXFileReference; explicitFileType = wrapper.cfbundle; includeInIndex = 0; path = "Flappy XKitTests.xctest"; sourceTree = BUILT_PRODUCTS_DIR; };
		A61D093F1B9E286900F5A761 /* Info.plist */ = {isa = PBXFileReference; lastKnownFileType = text.plist.xml; path = Info.plist; sourceTree = "<group>"; };
		A61D09401B9E286900F5A761 /* Flappy_XKitTests.swift */ = {isa = PBXFileReference; lastKnownFileType = sourcecode.swift; path = Flappy_XKitTests.swift; sourceTree = "<group>"; };
		A61D094C1B9E2CD200F5A761 /* backgrounds.atlas */ = {isa = PBXFileReference; lastKnownFileType = folder.skatlas; path = backgrounds.atlas; sourceTree = "<group>"; };
		A61D094D1B9E2CD200F5A761 /* sprites.atlas */ = {isa = PBXFileReference; lastKnownFileType = folder.skatlas; path = sprites.atlas; sourceTree = "<group>"; };
		A61D094F1B9E2CD200F5A761 /* CGFloat+Extensions.swift */ = {isa = PBXFileReference; fileEncoding = 4; lastKnownFileType = sourcecode.swift; path = "CGFloat+Extensions.swift"; sourceTree = "<group>"; };
		A61D09501B9E2CD200F5A761 /* CGPoint+Extensions.swift */ = {isa = PBXFileReference; fileEncoding = 4; lastKnownFileType = sourcecode.swift; path = "CGPoint+Extensions.swift"; sourceTree = "<group>"; };
		A61D09511B9E2CD200F5A761 /* CGVector+Extensions.swift */ = {isa = PBXFileReference; fileEncoding = 4; lastKnownFileType = sourcecode.swift; path = "CGVector+Extensions.swift"; sourceTree = "<group>"; };
		A61D09521B9E2CD200F5A761 /* Int+Extensions.swift */ = {isa = PBXFileReference; fileEncoding = 4; lastKnownFileType = sourcecode.swift; path = "Int+Extensions.swift"; sourceTree = "<group>"; };
		A61D09531B9E2CD200F5A761 /* SKAction+Extensions.swift */ = {isa = PBXFileReference; fileEncoding = 4; lastKnownFileType = sourcecode.swift; path = "SKAction+Extensions.swift"; sourceTree = "<group>"; };
		A61D09541B9E2CD200F5A761 /* SKAction+SpecialEffects.swift */ = {isa = PBXFileReference; fileEncoding = 4; lastKnownFileType = sourcecode.swift; path = "SKAction+SpecialEffects.swift"; sourceTree = "<group>"; };
		A61D09551B9E2CD200F5A761 /* SKColor+Extensions.swift */ = {isa = PBXFileReference; fileEncoding = 4; lastKnownFileType = sourcecode.swift; path = "SKColor+Extensions.swift"; sourceTree = "<group>"; };
		A61D09561B9E2CD200F5A761 /* SKNode+Extensions.swift */ = {isa = PBXFileReference; fileEncoding = 4; lastKnownFileType = sourcecode.swift; path = "SKNode+Extensions.swift"; sourceTree = "<group>"; };
		A61D09571B9E2CD200F5A761 /* SKTAudio.swift */ = {isa = PBXFileReference; fileEncoding = 4; lastKnownFileType = sourcecode.swift; path = SKTAudio.swift; sourceTree = "<group>"; };
		A61D09581B9E2CD200F5A761 /* SKTEffects.swift */ = {isa = PBXFileReference; fileEncoding = 4; lastKnownFileType = sourcecode.swift; path = SKTEffects.swift; sourceTree = "<group>"; };
		A61D09591B9E2CD200F5A761 /* SKTTimingFunctions.swift */ = {isa = PBXFileReference; fileEncoding = 4; lastKnownFileType = sourcecode.swift; path = SKTTimingFunctions.swift; sourceTree = "<group>"; };
		A61D095A1B9E2CD200F5A761 /* Vector3.swift */ = {isa = PBXFileReference; fileEncoding = 4; lastKnownFileType = sourcecode.swift; path = Vector3.swift; sourceTree = "<group>"; };
		A61D095D1B9E2CD200F5A761 /* coin.wav */ = {isa = PBXFileReference; lastKnownFileType = audio.wav; path = coin.wav; sourceTree = "<group>"; };
		A61D095E1B9E2CD200F5A761 /* ding.wav */ = {isa = PBXFileReference; lastKnownFileType = audio.wav; path = ding.wav; sourceTree = "<group>"; };
		A61D095F1B9E2CD200F5A761 /* falling.wav */ = {isa = PBXFileReference; lastKnownFileType = audio.wav; path = falling.wav; sourceTree = "<group>"; };
		A61D09601B9E2CD200F5A761 /* flapping.wav */ = {isa = PBXFileReference; lastKnownFileType = audio.wav; path = flapping.wav; sourceTree = "<group>"; };
		A61D09611B9E2CD200F5A761 /* hitGround.wav */ = {isa = PBXFileReference; lastKnownFileType = audio.wav; path = hitGround.wav; sourceTree = "<group>"; };
		A61D09621B9E2CD200F5A761 /* pop.wav */ = {isa = PBXFileReference; lastKnownFileType = audio.wav; path = pop.wav; sourceTree = "<group>"; };
		A61D09631B9E2CD200F5A761 /* whack.wav */ = {isa = PBXFileReference; lastKnownFileType = audio.wav; path = whack.wav; sourceTree = "<group>"; };
		A6514EFC1B9E8AA000CA05B1 /* README.md */ = {isa = PBXFileReference; fileEncoding = 4; lastKnownFileType = net.daringfireball.markdown; path = README.md; sourceTree = "<group>"; };
/* End PBXFileReference section */

/* Begin PBXFrameworksBuildPhase section */
		A61D091E1B9E286900F5A761 /* Frameworks */ = {
			isa = PBXFrameworksBuildPhase;
			buildActionMask = 2147483647;
			files = (
			);
			runOnlyForDeploymentPostprocessing = 0;
		};
		A61D09371B9E286900F5A761 /* Frameworks */ = {
			isa = PBXFrameworksBuildPhase;
			buildActionMask = 2147483647;
			files = (
			);
			runOnlyForDeploymentPostprocessing = 0;
		};
/* End PBXFrameworksBuildPhase section */

/* Begin PBXGroup section */
		A61D09181B9E286900F5A761 = {
			isa = PBXGroup;
			children = (
				A6514EFC1B9E8AA000CA05B1 /* README.md */,
				A61D094A1B9E2CD200F5A761 /* Resources */,
				A61D09231B9E286900F5A761 /* Flappy XKit */,
				A61D093D1B9E286900F5A761 /* Flappy XKitTests */,
				A61D09221B9E286900F5A761 /* Products */,
			);
			sourceTree = "<group>";
		};
		A61D09221B9E286900F5A761 /* Products */ = {
			isa = PBXGroup;
			children = (
				A61D09211B9E286900F5A761 /* Flappy XKit.app */,
				A61D093A1B9E286900F5A761 /* Flappy XKitTests.xctest */,
			);
			name = Products;
			sourceTree = "<group>";
		};
		A61D09231B9E286900F5A761 /* Flappy XKit */ = {
			isa = PBXGroup;
			children = (
				A61D09261B9E286900F5A761 /* AppDelegate.swift */,
				A61D092A1B9E286900F5A761 /* GameScene.swift */,
				A61D092C1B9E286900F5A761 /* GameViewController.swift */,
				A61D092E1B9E286900F5A761 /* Main.storyboard */,
				A61D09311B9E286900F5A761 /* Images.xcassets */,
				A61D09331B9E286900F5A761 /* LaunchScreen.xib */,
				A61D09241B9E286900F5A761 /* Supporting Files */,
			);
			path = "Flappy XKit";
			sourceTree = "<group>";
		};
		A61D09241B9E286900F5A761 /* Supporting Files */ = {
			isa = PBXGroup;
			children = (
				A61D09251B9E286900F5A761 /* Info.plist */,
			);
			name = "Supporting Files";
			sourceTree = "<group>";
		};
		A61D093D1B9E286900F5A761 /* Flappy XKitTests */ = {
			isa = PBXGroup;
			children = (
				A61D09401B9E286900F5A761 /* Flappy_XKitTests.swift */,
				A61D093E1B9E286900F5A761 /* Supporting Files */,
			);
			path = "Flappy XKitTests";
			sourceTree = "<group>";
		};
		A61D093E1B9E286900F5A761 /* Supporting Files */ = {
			isa = PBXGroup;
			children = (
				A61D093F1B9E286900F5A761 /* Info.plist */,
			);
			name = "Supporting Files";
			sourceTree = "<group>";
		};
		A61D094A1B9E2CD200F5A761 /* Resources */ = {
			isa = PBXGroup;
			children = (
				A61D094B1B9E2CD200F5A761 /* Art */,
				A61D094E1B9E2CD200F5A761 /* SKTUtils */,
				A61D095B1B9E2CD200F5A761 /* Sounds */,
			);
			path = Resources;
			sourceTree = "<group>";
		};
		A61D094B1B9E2CD200F5A761 /* Art */ = {
			isa = PBXGroup;
			children = (
				A61D094C1B9E2CD200F5A761 /* backgrounds.atlas */,
				A61D094D1B9E2CD200F5A761 /* sprites.atlas */,
			);
			path = Art;
			sourceTree = "<group>";
		};
		A61D094E1B9E2CD200F5A761 /* SKTUtils */ = {
			isa = PBXGroup;
			children = (
				A61D094F1B9E2CD200F5A761 /* CGFloat+Extensions.swift */,
				A61D09501B9E2CD200F5A761 /* CGPoint+Extensions.swift */,
				A61D09511B9E2CD200F5A761 /* CGVector+Extensions.swift */,
				A61D09521B9E2CD200F5A761 /* Int+Extensions.swift */,
				A61D09531B9E2CD200F5A761 /* SKAction+Extensions.swift */,
				A61D09541B9E2CD200F5A761 /* SKAction+SpecialEffects.swift */,
				A61D09551B9E2CD200F5A761 /* SKColor+Extensions.swift */,
				A61D09561B9E2CD200F5A761 /* SKNode+Extensions.swift */,
				A61D09571B9E2CD200F5A761 /* SKTAudio.swift */,
				A61D09581B9E2CD200F5A761 /* SKTEffects.swift */,
				A61D09591B9E2CD200F5A761 /* SKTTimingFunctions.swift */,
				A61D095A1B9E2CD200F5A761 /* Vector3.swift */,
			);
			path = SKTUtils;
			sourceTree = "<group>";
		};
		A61D095B1B9E2CD200F5A761 /* Sounds */ = {
			isa = PBXGroup;
			children = (
				A61D095C1B9E2CD200F5A761 /* .wdmc */,
				A61D095D1B9E2CD200F5A761 /* coin.wav */,
				A61D095E1B9E2CD200F5A761 /* ding.wav */,
				A61D095F1B9E2CD200F5A761 /* falling.wav */,
				A61D09601B9E2CD200F5A761 /* flapping.wav */,
				A61D09611B9E2CD200F5A761 /* hitGround.wav */,
				A61D09621B9E2CD200F5A761 /* pop.wav */,
				A61D09631B9E2CD200F5A761 /* whack.wav */,
			);
			path = Sounds;
			sourceTree = "<group>";
		};
		A61D095C1B9E2CD200F5A761 /* .wdmc */ = {
			isa = PBXGroup;
			children = (
			);
			path = .wdmc;
			sourceTree = "<group>";
		};
/* End PBXGroup section */

/* Begin PBXNativeTarget section */
		A61D09201B9E286900F5A761 /* Flappy XKit */ = {
			isa = PBXNativeTarget;
			buildConfigurationList = A61D09441B9E286900F5A761 /* Build configuration list for PBXNativeTarget "Flappy XKit" */;
			buildPhases = (
				A61D091D1B9E286900F5A761 /* Sources */,
				A61D091E1B9E286900F5A761 /* Frameworks */,
				A61D091F1B9E286900F5A761 /* Resources */,
			);
			buildRules = (
			);
			dependencies = (
			);
			name = "Flappy XKit";
			productName = "Flappy XKit";
			productReference = A61D09211B9E286900F5A761 /* Flappy XKit.app */;
			productType = "com.apple.product-type.application";
		};
		A61D09391B9E286900F5A761 /* Flappy XKitTests */ = {
			isa = PBXNativeTarget;
			buildConfigurationList = A61D09471B9E286900F5A761 /* Build configuration list for PBXNativeTarget "Flappy XKitTests" */;
			buildPhases = (
				A61D09361B9E286900F5A761 /* Sources */,
				A61D09371B9E286900F5A761 /* Frameworks */,
				A61D09381B9E286900F5A761 /* Resources */,
			);
			buildRules = (
			);
			dependencies = (
				A61D093C1B9E286900F5A761 /* PBXTargetDependency */,
			);
			name = "Flappy XKitTests";
			productName = "Flappy XKitTests";
			productReference = A61D093A1B9E286900F5A761 /* Flappy XKitTests.xctest */;
			productType = "com.apple.product-type.bundle.unit-test";
		};
/* End PBXNativeTarget section */

/* Begin PBXProject section */
		A61D09191B9E286900F5A761 /* Project object */ = {
			isa = PBXProject;
			attributes = {
				LastSwiftMigration = 0700;
				LastSwiftUpdateCheck = 0700;
				LastUpgradeCheck = 0700;
				ORGANIZATIONNAME = "Michael L. Mehr";
				TargetAttributes = {
					A61D09201B9E286900F5A761 = {
						CreatedOnToolsVersion = 6.4;
					};
					A61D09391B9E286900F5A761 = {
						CreatedOnToolsVersion = 6.4;
						TestTargetID = A61D09201B9E286900F5A761;
					};
				};
			};
			buildConfigurationList = A61D091C1B9E286900F5A761 /* Build configuration list for PBXProject "Flappy XKit" */;
			compatibilityVersion = "Xcode 3.2";
			developmentRegion = English;
			hasScannedForEncodings = 0;
			knownRegions = (
				en,
				Base,
			);
			mainGroup = A61D09181B9E286900F5A761;
			productRefGroup = A61D09221B9E286900F5A761 /* Products */;
			projectDirPath = "";
			projectRoot = "";
			targets = (
				A61D09201B9E286900F5A761 /* Flappy XKit */,
				A61D09391B9E286900F5A761 /* Flappy XKitTests */,
			);
		};
/* End PBXProject section */

/* Begin PBXResourcesBuildPhase section */
		A61D091F1B9E286900F5A761 /* Resources */ = {
			isa = PBXResourcesBuildPhase;
			buildActionMask = 2147483647;
			files = (
				A6514EFD1B9E8AA000CA05B1 /* README.md in Resources */,
				A61D09651B9E2CD200F5A761 /* sprites.atlas in Resources */,
				A61D09761B9E2CD200F5A761 /* hitGround.wav in Resources */,
				A61D09731B9E2CD200F5A761 /* ding.wav in Resources */,
				A61D09351B9E286900F5A761 /* LaunchScreen.xib in Resources */,
				A61D09751B9E2CD200F5A761 /* flapping.wav in Resources */,
				A61D09321B9E286900F5A761 /* Images.xcassets in Resources */,
				A61D09741B9E2CD200F5A761 /* falling.wav in Resources */,
				A61D09721B9E2CD200F5A761 /* coin.wav in Resources */,
				A61D09301B9E286900F5A761 /* Main.storyboard in Resources */,
				A61D09641B9E2CD200F5A761 /* backgrounds.atlas in Resources */,
				A61D09771B9E2CD200F5A761 /* pop.wav in Resources */,
				A61D09781B9E2CD200F5A761 /* whack.wav in Resources */,
			);
			runOnlyForDeploymentPostprocessing = 0;
		};
		A61D09381B9E286900F5A761 /* Resources */ = {
			isa = PBXResourcesBuildPhase;
			buildActionMask = 2147483647;
			files = (
			);
			runOnlyForDeploymentPostprocessing = 0;
		};
/* End PBXResourcesBuildPhase section */

/* Begin PBXSourcesBuildPhase section */
		A61D091D1B9E286900F5A761 /* Sources */ = {
			isa = PBXSourcesBuildPhase;
			buildActionMask = 2147483647;
			files = (
				A61D092B1B9E286900F5A761 /* GameScene.swift in Sources */,
				A61D09671B9E2CD200F5A761 /* CGPoint+Extensions.swift in Sources */,
				A61D09701B9E2CD200F5A761 /* SKTTimingFunctions.swift in Sources */,
				A61D096F1B9E2CD200F5A761 /* SKTEffects.swift in Sources */,
				A61D096B1B9E2CD200F5A761 /* SKAction+SpecialEffects.swift in Sources */,
				A61D09681B9E2CD200F5A761 /* CGVector+Extensions.swift in Sources */,
				A61D096A1B9E2CD200F5A761 /* SKAction+Extensions.swift in Sources */,
				A61D096C1B9E2CD200F5A761 /* SKColor+Extensions.swift in Sources */,
				A61D092D1B9E286900F5A761 /* GameViewController.swift in Sources */,
				A61D09691B9E2CD200F5A761 /* Int+Extensions.swift in Sources */,
				A61D096D1B9E2CD200F5A761 /* SKNode+Extensions.swift in Sources */,
				A61D096E1B9E2CD200F5A761 /* SKTAudio.swift in Sources */,
				A61D09661B9E2CD200F5A761 /* CGFloat+Extensions.swift in Sources */,
				A61D09711B9E2CD200F5A761 /* Vector3.swift in Sources */,
				A61D09271B9E286900F5A761 /* AppDelegate.swift in Sources */,
			);
			runOnlyForDeploymentPostprocessing = 0;
		};
		A61D09361B9E286900F5A761 /* Sources */ = {
			isa = PBXSourcesBuildPhase;
			buildActionMask = 2147483647;
			files = (
				A61D09411B9E286900F5A761 /* Flappy_XKitTests.swift in Sources */,
			);
			runOnlyForDeploymentPostprocessing = 0;
		};
/* End PBXSourcesBuildPhase section */

/* Begin PBXTargetDependency section */
		A61D093C1B9E286900F5A761 /* PBXTargetDependency */ = {
			isa = PBXTargetDependency;
			target = A61D09201B9E286900F5A761 /* Flappy XKit */;
			targetProxy = A61D093B1B9E286900F5A761 /* PBXContainerItemProxy */;
		};
/* End PBXTargetDependency section */

/* Begin PBXVariantGroup section */
		A61D092E1B9E286900F5A761 /* Main.storyboard */ = {
			isa = PBXVariantGroup;
			children = (
				A61D092F1B9E286900F5A761 /* Base */,
			);
			name = Main.storyboard;
			sourceTree = "<group>";
		};
		A61D09331B9E286900F5A761 /* LaunchScreen.xib */ = {
			isa = PBXVariantGroup;
			children = (
				A61D09341B9E286900F5A761 /* Base */,
			);
			name = LaunchScreen.xib;
			sourceTree = "<group>";
		};
/* End PBXVariantGroup section */

/* Begin XCBuildConfiguration section */
		A61D09421B9E286900F5A761 /* Debug */ = {
			isa = XCBuildConfiguration;
			buildSettings = {
				ALWAYS_SEARCH_USER_PATHS = NO;
				CLANG_CXX_LANGUAGE_STANDARD = "gnu++0x";
				CLANG_CXX_LIBRARY = "libc++";
				CLANG_ENABLE_MODULES = YES;
				CLANG_ENABLE_OBJC_ARC = YES;
				CLANG_WARN_BOOL_CONVERSION = YES;
				CLANG_WARN_CONSTANT_CONVERSION = YES;
				CLANG_WARN_DIRECT_OBJC_ISA_USAGE = YES_ERROR;
				CLANG_WARN_EMPTY_BODY = YES;
				CLANG_WARN_ENUM_CONVERSION = YES;
				CLANG_WARN_INT_CONVERSION = YES;
				CLANG_WARN_OBJC_ROOT_CLASS = YES_ERROR;
				CLANG_WARN_UNREACHABLE_CODE = YES;
				CLANG_WARN__DUPLICATE_METHOD_MATCH = YES;
				"CODE_SIGN_IDENTITY[sdk=iphoneos*]" = "iPhone Developer";
				COPY_PHASE_STRIP = NO;
				DEBUG_INFORMATION_FORMAT = "dwarf-with-dsym";
				ENABLE_STRICT_OBJC_MSGSEND = YES;
				ENABLE_TESTABILITY = YES;
				GCC_C_LANGUAGE_STANDARD = gnu99;
				GCC_DYNAMIC_NO_PIC = NO;
				GCC_NO_COMMON_BLOCKS = YES;
				GCC_OPTIMIZATION_LEVEL = 0;
				GCC_PREPROCESSOR_DEFINITIONS = (
					"DEBUG=1",
					"$(inherited)",
				);
				GCC_SYMBOLS_PRIVATE_EXTERN = NO;
				GCC_WARN_64_TO_32_BIT_CONVERSION = YES;
				GCC_WARN_ABOUT_RETURN_TYPE = YES_ERROR;
				GCC_WARN_UNDECLARED_SELECTOR = YES;
				GCC_WARN_UNINITIALIZED_AUTOS = YES_AGGRESSIVE;
				GCC_WARN_UNUSED_FUNCTION = YES;
				GCC_WARN_UNUSED_VARIABLE = YES;
				IPHONEOS_DEPLOYMENT_TARGET = 8.4;
				MTL_ENABLE_DEBUG_INFO = YES;
				ONLY_ACTIVE_ARCH = YES;
				SDKROOT = iphoneos;
				SWIFT_OPTIMIZATION_LEVEL = "-Onone";
			};
			name = Debug;
		};
		A61D09431B9E286900F5A761 /* Release */ = {
			isa = XCBuildConfiguration;
			buildSettings = {
				ALWAYS_SEARCH_USER_PATHS = NO;
				CLANG_CXX_LANGUAGE_STANDARD = "gnu++0x";
				CLANG_CXX_LIBRARY = "libc++";
				CLANG_ENABLE_MODULES = YES;
				CLANG_ENABLE_OBJC_ARC = YES;
				CLANG_WARN_BOOL_CONVERSION = YES;
				CLANG_WARN_CONSTANT_CONVERSION = YES;
				CLANG_WARN_DIRECT_OBJC_ISA_USAGE = YES_ERROR;
				CLANG_WARN_EMPTY_BODY = YES;
				CLANG_WARN_ENUM_CONVERSION = YES;
				CLANG_WARN_INT_CONVERSION = YES;
				CLANG_WARN_OBJC_ROOT_CLASS = YES_ERROR;
				CLANG_WARN_UNREACHABLE_CODE = YES;
				CLANG_WARN__DUPLICATE_METHOD_MATCH = YES;
				"CODE_SIGN_IDENTITY[sdk=iphoneos*]" = "iPhone Developer";
				COPY_PHASE_STRIP = NO;
				DEBUG_INFORMATION_FORMAT = "dwarf-with-dsym";
				ENABLE_NS_ASSERTIONS = NO;
				ENABLE_STRICT_OBJC_MSGSEND = YES;
				GCC_C_LANGUAGE_STANDARD = gnu99;
				GCC_NO_COMMON_BLOCKS = YES;
				GCC_WARN_64_TO_32_BIT_CONVERSION = YES;
				GCC_WARN_ABOUT_RETURN_TYPE = YES_ERROR;
				GCC_WARN_UNDECLARED_SELECTOR = YES;
				GCC_WARN_UNINITIALIZED_AUTOS = YES_AGGRESSIVE;
				GCC_WARN_UNUSED_FUNCTION = YES;
				GCC_WARN_UNUSED_VARIABLE = YES;
				IPHONEOS_DEPLOYMENT_TARGET = 8.4;
				MTL_ENABLE_DEBUG_INFO = NO;
				SDKROOT = iphoneos;
				VALIDATE_PRODUCT = YES;
			};
			name = Release;
		};
		A61D09451B9E286900F5A761 /* Debug */ = {
			isa = XCBuildConfiguration;
			buildSettings = {
				ASSETCATALOG_COMPILER_APPICON_NAME = AppIcon;
				INFOPLIST_FILE = "Flappy XKit/Info.plist";
				LD_RUNPATH_SEARCH_PATHS = "$(inherited) @executable_path/Frameworks";
				PRODUCT_BUNDLE_IDENTIFIER = "com.azuresults.$(PRODUCT_NAME:rfc1034identifier)";
				PRODUCT_NAME = "$(TARGET_NAME)";
			};
			name = Debug;
		};
		A61D09461B9E286900F5A761 /* Release */ = {
			isa = XCBuildConfiguration;
			buildSettings = {
				ASSETCATALOG_COMPILER_APPICON_NAME = AppIcon;
				INFOPLIST_FILE = "Flappy XKit/Info.plist";
				LD_RUNPATH_SEARCH_PATHS = "$(inherited) @executable_path/Frameworks";
				PRODUCT_BUNDLE_IDENTIFIER = "com.azuresults.$(PRODUCT_NAME:rfc1034identifier)";
				PRODUCT_NAME = "$(TARGET_NAME)";
			};
			name = Release;
		};
		A61D09481B9E286900F5A761 /* Debug */ = {
			isa = XCBuildConfiguration;
			buildSettings = {
				BUNDLE_LOADER = "$(TEST_HOST)";
				FRAMEWORK_SEARCH_PATHS = (
					"$(SDKROOT)/Developer/Library/Frameworks",
					"$(inherited)",
				);
				GCC_PREPROCESSOR_DEFINITIONS = (
					"DEBUG=1",
					"$(inherited)",
				);
				INFOPLIST_FILE = "Flappy XKitTests/Info.plist";
				LD_RUNPATH_SEARCH_PATHS = "$(inherited) @executable_path/Frameworks @loader_path/Frameworks";
				PRODUCT_BUNDLE_IDENTIFIER = "com.azuresults.$(PRODUCT_NAME:rfc1034identifier)";
				PRODUCT_NAME = "$(TARGET_NAME)";
				TEST_HOST = "$(BUILT_PRODUCTS_DIR)/Flappy XKit.app/Flappy XKit";
			};
			name = Debug;
		};
		A61D09491B9E286900F5A761 /* Release */ = {
			isa = XCBuildConfiguration;
			buildSettings = {
				BUNDLE_LOADER = "$(TEST_HOST)";
				FRAMEWORK_SEARCH_PATHS = (
					"$(SDKROOT)/Developer/Library/Frameworks",
					"$(inherited)",
				);
				INFOPLIST_FILE = "Flappy XKitTests/Info.plist";
				LD_RUNPATH_SEARCH_PATHS = "$(inherited) @executable_path/Frameworks @loader_path/Frameworks";
				PRODUCT_BUNDLE_IDENTIFIER = "com.azuresults.$(PRODUCT_NAME:rfc1034identifier)";
				PRODUCT_NAME = "$(TARGET_NAME)";
				TEST_HOST = "$(BUILT_PRODUCTS_DIR)/Flappy XKit.app/Flappy XKit";
			};
			name = Release;
		};
/* End XCBuildConfiguration section */

/* Begin XCConfigurationList section */
		A61D091C1B9E286900F5A761 /* Build configuration list for PBXProject "Flappy XKit" */ = {
			isa = XCConfigurationList;
			buildConfigurations = (
				A61D09421B9E286900F5A761 /* Debug */,
				A61D09431B9E286900F5A761 /* Release */,
			);
			defaultConfigurationIsVisible = 0;
			defaultConfigurationName = Release;
		};
		A61D09441B9E286900F5A761 /* Build configuration list for PBXNativeTarget "Flappy XKit" */ = {
			isa = XCConfigurationList;
			buildConfigurations = (
				A61D09451B9E286900F5A761 /* Debug */,
				A61D09461B9E286900F5A761 /* Release */,
			);
			defaultConfigurationIsVisible = 0;
			defaultConfigurationName = Release;
		};
		A61D09471B9E286900F5A761 /* Build configuration list for PBXNativeTarget "Flappy XKitTests" */ = {
			isa = XCConfigurationList;
			buildConfigurations = (
				A61D09481B9E286900F5A761 /* Debug */,
				A61D09491B9E286900F5A761 /* Release */,
			);
			defaultConfigurationIsVisible = 0;
			defaultConfigurationName = Release;
		};
/* End XCConfigurationList section */
	};
	rootObject = A61D09191B9E286900F5A761 /* Project object */;
}
